
Microsoft Visual Studio Solution File, Format Version 12.00
Project("{FAE04EC0-301F-11D3-BF4B-00C04F79EFBC}") = "DiscordBot", "DiscordBot\DiscordBot.csproj", "{08AEE8B6-B9E1-4879-871D-4E616EFFE3BD}"
EndProject
Project("{FAE04EC0-301F-11D3-BF4B-00C04F79EFBC}") = "Discord.Addons.Interactive", "Discord.Addons.Interactive\Discord.Addons.Interactive.csproj", "{9DC1D851-45FB-406C-BCB2-0A73E9376558}"
EndProject
Global
	GlobalSection(SolutionConfigurationPlatforms) = preSolution
		Debug|Any CPU = Debug|Any CPU
		Release|Any CPU = Release|Any CPU
	EndGlobalSection
	GlobalSection(ProjectConfigurationPlatforms) = postSolution
		{08AEE8B6-B9E1-4879-871D-4E616EFFE3BD}.Debug|Any CPU.ActiveCfg = Debug|Any CPU
		{08AEE8B6-B9E1-4879-871D-4E616EFFE3BD}.Debug|Any CPU.Build.0 = Debug|Any CPU
		{08AEE8B6-B9E1-4879-871D-4E616EFFE3BD}.Release|Any CPU.ActiveCfg = Release|Any CPU
		{08AEE8B6-B9E1-4879-871D-4E616EFFE3BD}.Release|Any CPU.Build.0 = Release|Any CPU
		{9DC1D851-45FB-406C-BCB2-0A73E9376558}.Debug|Any CPU.ActiveCfg = Debug|Any CPU
		{9DC1D851-45FB-406C-BCB2-0A73E9376558}.Debug|Any CPU.Build.0 = Debug|Any CPU
		{9DC1D851-45FB-406C-BCB2-0A73E9376558}.Release|Any CPU.ActiveCfg = Release|Any CPU
		{9DC1D851-45FB-406C-BCB2-0A73E9376558}.Release|Any CPU.Build.0 = Release|Any CPU
	EndGlobalSection
EndGlobal
